<Solution>
  <Project Path="RentalSystem.Application/RentalSystem.Application.csproj" />
  <Project Path="RentalSystem.Domain/RentalSystem.Domain.csproj" />
  <Project Path="RentalSystem.Infrastructure/RentalSystem.Infrastructure.csproj" />
  <Project Path="RentalSystem.Shared/RentalSystem.Shared.csproj" />
</Solution>
